
Microsoft Visual Studio Solution File, Format Version 12.00
Project("{FAE04EC0-301F-11D3-BF4B-00C04F79EFBC}") = "RandomNumbersAPI", "RandomNumbersAPI\RandomNumbersAPI.csproj", "{9E797929-1E2E-4F46-8D84-92E6FDC3D502}"
EndProject
Global
	GlobalSection(SolutionConfigurationPlatforms) = preSolution
		Debug|Any CPU = Debug|Any CPU
		Release|Any CPU = Release|Any CPU
	EndGlobalSection
	GlobalSection(ProjectConfigurationPlatforms) = postSolution
		{9E797929-1E2E-4F46-8D84-92E6FDC3D502}.Debug|Any CPU.ActiveCfg = Debug|Any CPU
		{9E797929-1E2E-4F46-8D84-92E6FDC3D502}.Debug|Any CPU.Build.0 = Debug|Any CPU
		{9E797929-1E2E-4F46-8D84-92E6FDC3D502}.Release|Any CPU.ActiveCfg = Release|Any CPU
		{9E797929-1E2E-4F46-8D84-92E6FDC3D502}.Release|Any CPU.Build.0 = Release|Any CPU
	EndGlobalSection
EndGlobal
